
Microsoft Visual Studio Solution File, Format Version 12.00
# Visual Studio Version 17
VisualStudioVersion = 17.3.32929.385
MinimumVisualStudioVersion = 10.0.40219.1
Project("{9A19103F-16F7-4668-BE54-9A1E7A4F7556}") = "1Password", "1Password\1Password.csproj", "{F5581F1C-9D84-4C2B-8324-FEF0067B4671}"
EndProject
Project("{FAE04EC0-301F-11D3-BF4B-00C04F79EFBC}") = "data_base", "data_base\data_base.csproj", "{58CA8371-FF89-4E0E-982A-CE2EFE0D83A2}"
EndProject
Global
	GlobalSection(SolutionConfigurationPlatforms) = preSolution
		Debug|Any CPU = Debug|Any CPU
		Release|Any CPU = Release|Any CPU
	EndGlobalSection
	GlobalSection(ProjectConfigurationPlatforms) = postSolution
		{F5581F1C-9D84-4C2B-8324-FEF0067B4671}.Debug|Any CPU.ActiveCfg = Debug|Any CPU
		{F5581F1C-9D84-4C2B-8324-FEF0067B4671}.Debug|Any CPU.Build.0 = Debug|Any CPU
		{F5581F1C-9D84-4C2B-8324-FEF0067B4671}.Release|Any CPU.ActiveCfg = Release|Any CPU
		{F5581F1C-9D84-4C2B-8324-FEF0067B4671}.Release|Any CPU.Build.0 = Release|Any CPU
		{58CA8371-FF89-4E0E-982A-CE2EFE0D83A2}.Debug|Any CPU.ActiveCfg = Debug|Any CPU
		{58CA8371-FF89-4E0E-982A-CE2EFE0D83A2}.Debug|Any CPU.Build.0 = Debug|Any CPU
		{58CA8371-FF89-4E0E-982A-CE2EFE0D83A2}.Release|Any CPU.ActiveCfg = Release|Any CPU
		{58CA8371-FF89-4E0E-982A-CE2EFE0D83A2}.Release|Any CPU.Build.0 = Release|Any CPU
	EndGlobalSection
	GlobalSection(SolutionProperties) = preSolution
		HideSolutionNode = FALSE
	EndGlobalSection
	GlobalSection(ExtensibilityGlobals) = postSolution
		SolutionGuid = {F3DC3FB3-9767-4E2E-A41F-39C7AC1B58CC}
	EndGlobalSection
EndGlobal
